
Microsoft Visual Studio Solution File, Format Version 12.00
# Visual Studio 15
VisualStudioVersion = 15.0.27130.2036
MinimumVisualStudioVersion = 10.0.40219.1
Project("{FAE04EC0-301F-11D3-BF4B-00C04F79EFBC}") = "WebScraper", "WebScraper\WebScraper.csproj", "{83962F61-6A88-4945-B70C-5E5F0B0B2C86}"
EndProject
Project("{FAE04EC0-301F-11D3-BF4B-00C04F79EFBC}") = "WebScraperEngine", "WebScraperEngine\WebScraperEngine.csproj", "{65950FF9-6DDE-4097-9309-FC706271B7B3}"
EndProject
Global
	GlobalSection(SolutionConfigurationPlatforms) = preSolution
		Debug|Any CPU = Debug|Any CPU
		Release|Any CPU = Release|Any CPU
	EndGlobalSection
	GlobalSection(ProjectConfigurationPlatforms) = postSolution
		{83962F61-6A88-4945-B70C-5E5F0B0B2C86}.Debug|Any CPU.ActiveCfg = Debug|Any CPU
		{83962F61-6A88-4945-B70C-5E5F0B0B2C86}.Debug|Any CPU.Build.0 = Debug|Any CPU
		{83962F61-6A88-4945-B70C-5E5F0B0B2C86}.Release|Any CPU.ActiveCfg = Release|Any CPU
		{83962F61-6A88-4945-B70C-5E5F0B0B2C86}.Release|Any CPU.Build.0 = Release|Any CPU
		{65950FF9-6DDE-4097-9309-FC706271B7B3}.Debug|Any CPU.ActiveCfg = Debug|Any CPU
		{65950FF9-6DDE-4097-9309-FC706271B7B3}.Debug|Any CPU.Build.0 = Debug|Any CPU
		{65950FF9-6DDE-4097-9309-FC706271B7B3}.Release|Any CPU.ActiveCfg = Release|Any CPU
		{65950FF9-6DDE-4097-9309-FC706271B7B3}.Release|Any CPU.Build.0 = Release|Any CPU
	EndGlobalSection
	GlobalSection(SolutionProperties) = preSolution
		HideSolutionNode = FALSE
	EndGlobalSection
	GlobalSection(ExtensibilityGlobals) = postSolution
		SolutionGuid = {25551DA0-C9E4-4A01-A90C-3CA4CCEAB697}
	EndGlobalSection
EndGlobal
